<?xml version="1.0" encoding="utf-8"?>
<Project ToolsVersion="4.0" xmlns="http://schemas.microsoft.com/developer/msbuild/2003">
  <ItemGroup>
    <Filter Include="Bifrost">
      <UniqueIdentifier>{3E1FA7D8-AAFE-2574-B316-B14A1F758CD5}</UniqueIdentifier>
    </Filter>
  </ItemGroup>
  <ItemGroup>
    <ClInclude Include="src\Bifrost.h" />
    <ClInclude Include="src\Bifrost\Application.h">
      <Filter>Bifrost</Filter>
    </ClInclude>
    <ClInclude Include="src\Bifrost\Core.h">
      <Filter>Bifrost</Filter>
    </ClInclude>
    <ClInclude Include="src\Bifrost\EntryPoint.h">
      <Filter>Bifrost</Filter>
    </ClInclude>
    <ClInclude Include="src\Bifrost\Log.h">
      <Filter>Bifrost</Filter>
    </ClInclude>
  </ItemGroup>
  <ItemGroup>
    <ClCompile Include="src\Bifrost\Application.cpp">
      <Filter>Bifrost</Filter>
    </ClCompile>
    <ClCompile Include="src\Bifrost\Log.cpp">
      <Filter>Bifrost</Filter>
    </ClCompile>
  </ItemGroup>
</Project>